// !$*UTF8*$!
{
	archiveVersion = 1;
	classes = {
	};
	objectVersion = 46;
	objects = {

/* Begin PBXBuildFile section */
		2C24375D1BDA7AE800F86FDE /* AppDelegate.swift in Sources */ = {isa = PBXBuildFile; fileRef = 2C24375C1BDA7AE800F86FDE /* AppDelegate.swift */; };
		2C24375F1BDA7AE800F86FDE /* ViewController.swift in Sources */ = {isa = PBXBuildFile; fileRef = 2C24375E1BDA7AE800F86FDE /* ViewController.swift */; };
		2C2437621BDA7AE800F86FDE /* Main.storyboard in Resources */ = {isa = PBXBuildFile; fileRef = 2C2437601BDA7AE800F86FDE /* Main.storyboard */; };
		2C2437641BDA7AE800F86FDE /* Assets.xcassets in Resources */ = {isa = PBXBuildFile; fileRef = 2C2437631BDA7AE800F86FDE /* Assets.xcassets */; };
		2C2437671BDA7AE800F86FDE /* LaunchScreen.storyboard in Resources */ = {isa = PBXBuildFile; fileRef = 2C2437651BDA7AE800F86FDE /* LaunchScreen.storyboard */; };
		2C2437721BDA7AE800F86FDE /* pocketmonTests.swift in Sources */ = {isa = PBXBuildFile; fileRef = 2C2437711BDA7AE800F86FDE /* pocketmonTests.swift */; };
		2C24377D1BDA7AE800F86FDE /* pocketmonUITests.swift in Sources */ = {isa = PBXBuildFile; fileRef = 2C24377C1BDA7AE800F86FDE /* pocketmonUITests.swift */; };
/* End PBXBuildFile section */

/* Begin PBXContainerItemProxy section */
		2C24376E1BDA7AE800F86FDE /* PBXContainerItemProxy */ = {
			isa = PBXContainerItemProxy;
			containerPortal = 2C2437511BDA7AE800F86FDE /* Project object */;
			proxyType = 1;
			remoteGlobalIDString = 2C2437581BDA7AE800F86FDE;
			remoteInfo = pocketmon;
		};
		2C2437791BDA7AE800F86FDE /* PBXContainerItemProxy */ = {
			isa = PBXContainerItemProxy;
			containerPortal = 2C2437511BDA7AE800F86FDE /* Project object */;
			proxyType = 1;
			remoteGlobalIDString = 2C2437581BDA7AE800F86FDE;
			remoteInfo = pocketmon;
		};
/* End PBXContainerItemProxy section */

/* Begin PBXFileReference section */
		2C2437591BDA7AE800F86FDE /* pocketmon.app */ = {isa = PBXFileReference; explicitFileType = wrapper.application; includeInIndex = 0; path = pocketmon.app; sourceTree = BUILT_PRODUCTS_DIR; };
		2C24375C1BDA7AE800F86FDE /* AppDelegate.swift */ = {isa = PBXFileReference; lastKnownFileType = sourcecode.swift; path = AppDelegate.swift; sourceTree = "<group>"; };
		2C24375E1BDA7AE800F86FDE /* ViewController.swift */ = {isa = PBXFileReference; lastKnownFileType = sourcecode.swift; path = ViewController.swift; sourceTree = "<group>"; };
		2C2437611BDA7AE800F86FDE /* Base */ = {isa = PBXFileReference; lastKnownFileType = file.storyboard; name = Base; path = Base.lproj/Main.storyboard; sourceTree = "<group>"; };
		2C2437631BDA7AE800F86FDE /* Assets.xcassets */ = {isa = PBXFileReference; lastKnownFileType = folder.assetcatalog; path = Assets.xcassets; sourceTree = "<group>"; };
		2C2437661BDA7AE800F86FDE /* Base */ = {isa = PBXFileReference; lastKnownFileType = file.storyboard; name = Base; path = Base.lproj/LaunchScreen.storyboard; sourceTree = "<group>"; };
		2C2437681BDA7AE800F86FDE /* Info.plist */ = {isa = PBXFileReference; lastKnownFileType = text.plist.xml; path = Info.plist; sourceTree = "<group>"; };
		2C24376D1BDA7AE800F86FDE /* pocketmonTests.xctest */ = {isa = PBXFileReference; explicitFileType = wrapper.cfbundle; includeInIndex = 0; path = pocketmonTests.xctest; sourceTree = BUILT_PRODUCTS_DIR; };
		2C2437711BDA7AE800F86FDE /* pocketmonTests.swift */ = {isa = PBXFileReference; lastKnownFileType = sourcecode.swift; path = pocketmonTests.swift; sourceTree = "<group>"; };
		2C2437731BDA7AE800F86FDE /* Info.plist */ = {isa = PBXFileReference; lastKnownFileType = text.plist.xml; path = Info.plist; sourceTree = "<group>"; };
		2C2437781BDA7AE800F86FDE /* pocketmonUITests.xctest */ = {isa = PBXFileReference; explicitFileType = wrapper.cfbundle; includeInIndex = 0; path = pocketmonUITests.xctest; sourceTree = BUILT_PRODUCTS_DIR; };
		2C24377C1BDA7AE800F86FDE /* pocketmonUITests.swift */ = {isa = PBXFileReference; lastKnownFileType = sourcecode.swift; path = pocketmonUITests.swift; sourceTree = "<group>"; };
		2C24377E1BDA7AE800F86FDE /* Info.plist */ = {isa = PBXFileReference; lastKnownFileType = text.plist.xml; path = Info.plist; sourceTree = "<group>"; };
/* End PBXFileReference section */

/* Begin PBXFrameworksBuildPhase section */
		2C2437561BDA7AE800F86FDE /* Frameworks */ = {
			isa = PBXFrameworksBuildPhase;
			buildActionMask = 2147483647;
			files = (
			);
			runOnlyForDeploymentPostprocessing = 0;
		};
		2C24376A1BDA7AE800F86FDE /* Frameworks */ = {
			isa = PBXFrameworksBuildPhase;
			buildActionMask = 2147483647;
			files = (
			);
			runOnlyForDeploymentPostprocessing = 0;
		};
		2C2437751BDA7AE800F86FDE /* Frameworks */ = {
			isa = PBXFrameworksBuildPhase;
			buildActionMask = 2147483647;
			files = (
			);
			runOnlyForDeploymentPostprocessing = 0;
		};
/* End PBXFrameworksBuildPhase section */

/* Begin PBXGroup section */
		2C2437501BDA7AE800F86FDE = {
			isa = PBXGroup;
			children = (
				2C24375B1BDA7AE800F86FDE /* pocketmon */,
				2C2437701BDA7AE800F86FDE /* pocketmonTests */,
				2C24377B1BDA7AE800F86FDE /* pocketmonUITests */,
				2C24375A1BDA7AE800F86FDE /* Products */,
			);
			sourceTree = "<group>";
		};
		2C24375A1BDA7AE800F86FDE /* Products */ = {
			isa = PBXGroup;
			children = (
				2C2437591BDA7AE800F86FDE /* pocketmon.app */,
				2C24376D1BDA7AE800F86FDE /* pocketmonTests.xctest */,
				2C2437781BDA7AE800F86FDE /* pocketmonUITests.xctest */,
			);
			name = Products;
			sourceTree = "<group>";
		};
		2C24375B1BDA7AE800F86FDE /* pocketmon */ = {
			isa = PBXGroup;
			children = (
				2C24375C1BDA7AE800F86FDE /* AppDelegate.swift */,
				2C24375E1BDA7AE800F86FDE /* ViewController.swift */,
				2C2437601BDA7AE800F86FDE /* Main.storyboard */,
				2C2437631BDA7AE800F86FDE /* Assets.xcassets */,
				2C2437651BDA7AE800F86FDE /* LaunchScreen.storyboard */,
				2C2437681BDA7AE800F86FDE /* Info.plist */,
			);
			path = pocketmon;
			sourceTree = "<group>";
		};
		2C2437701BDA7AE800F86FDE /* pocketmonTests */ = {
			isa = PBXGroup;
			children = (
				2C2437711BDA7AE800F86FDE /* pocketmonTests.swift */,
				2C2437731BDA7AE800F86FDE /* Info.plist */,
			);
			path = pocketmonTests;
			sourceTree = "<group>";
		};
		2C24377B1BDA7AE800F86FDE /* pocketmonUITests */ = {
			isa = PBXGroup;
			children = (
				2C24377C1BDA7AE800F86FDE /* pocketmonUITests.swift */,
				2C24377E1BDA7AE800F86FDE /* Info.plist */,
			);
			path = pocketmonUITests;
			sourceTree = "<group>";
		};
/* End PBXGroup section */

/* Begin PBXNativeTarget section */
		2C2437581BDA7AE800F86FDE /* pocketmon */ = {
			isa = PBXNativeTarget;
			buildConfigurationList = 2C2437811BDA7AE800F86FDE /* Build configuration list for PBXNativeTarget "pocketmon" */;
			buildPhases = (
				2C2437551BDA7AE800F86FDE /* Sources */,
				2C2437561BDA7AE800F86FDE /* Frameworks */,
				2C2437571BDA7AE800F86FDE /* Resources */,
			);
			buildRules = (
			);
			dependencies = (
			);
			name = pocketmon;
			productName = pocketmon;
			productReference = 2C2437591BDA7AE800F86FDE /* pocketmon.app */;
			productType = "com.apple.product-type.application";
		};
		2C24376C1BDA7AE800F86FDE /* pocketmonTests */ = {
			isa = PBXNativeTarget;
			buildConfigurationList = 2C2437841BDA7AE800F86FDE /* Build configuration list for PBXNativeTarget "pocketmonTests" */;
			buildPhases = (
				2C2437691BDA7AE800F86FDE /* Sources */,
				2C24376A1BDA7AE800F86FDE /* Frameworks */,
				2C24376B1BDA7AE800F86FDE /* Resources */,
			);
			buildRules = (
			);
			dependencies = (
				2C24376F1BDA7AE800F86FDE /* PBXTargetDependency */,
			);
			name = pocketmonTests;
			productName = pocketmonTests;
			productReference = 2C24376D1BDA7AE800F86FDE /* pocketmonTests.xctest */;
			productType = "com.apple.product-type.bundle.unit-test";
		};
		2C2437771BDA7AE800F86FDE /* pocketmonUITests */ = {
			isa = PBXNativeTarget;
			buildConfigurationList = 2C2437871BDA7AE800F86FDE /* Build configuration list for PBXNativeTarget "pocketmonUITests" */;
			buildPhases = (
				2C2437741BDA7AE800F86FDE /* Sources */,
				2C2437751BDA7AE800F86FDE /* Frameworks */,
				2C2437761BDA7AE800F86FDE /* Resources */,
			);
			buildRules = (
			);
			dependencies = (
				2C24377A1BDA7AE800F86FDE /* PBXTargetDependency */,
			);
			name = pocketmonUITests;
			productName = pocketmonUITests;
			productReference = 2C2437781BDA7AE800F86FDE /* pocketmonUITests.xctest */;
			productType = "com.apple.product-type.bundle.ui-testing";
		};
/* End PBXNativeTarget section */

/* Begin PBXProject section */
		2C2437511BDA7AE800F86FDE /* Project object */ = {
			isa = PBXProject;
			attributes = {
				LastUpgradeCheck = 0700;
				ORGANIZATIONNAME = "Matthew Maher";
				TargetAttributes = {
					2C2437581BDA7AE800F86FDE = {
						CreatedOnToolsVersion = 7.0;
					};
					2C24376C1BDA7AE800F86FDE = {
						CreatedOnToolsVersion = 7.0;
						TestTargetID = 2C2437581BDA7AE800F86FDE;
					};
					2C2437771BDA7AE800F86FDE = {
						CreatedOnToolsVersion = 7.0;
						TestTargetID = 2C2437581BDA7AE800F86FDE;
					};
				};
			};
			buildConfigurationList = 2C2437541BDA7AE800F86FDE /* Build configuration list for PBXProject "pocketmon" */;
			compatibilityVersion = "Xcode 3.2";
			developmentRegion = English;
			hasScannedForEncodings = 0;
			knownRegions = (
				en,
				Base,
			);
			mainGroup = 2C2437501BDA7AE800F86FDE;
			productRefGroup = 2C24375A1BDA7AE800F86FDE /* Products */;
			projectDirPath = "";
			projectRoot = "";
			targets = (
				2C2437581BDA7AE800F86FDE /* pocketmon */,
				2C24376C1BDA7AE800F86FDE /* pocketmonTests */,
				2C2437771BDA7AE800F86FDE /* pocketmonUITests */,
			);
		};
/* End PBXProject section */

/* Begin PBXResourcesBuildPhase section */
		2C2437571BDA7AE800F86FDE /* Resources */ = {
			isa = PBXResourcesBuildPhase;
			buildActionMask = 2147483647;
			files = (
				2C2437671BDA7AE800F86FDE /* LaunchScreen.storyboard in Resources */,
				2C2437641BDA7AE800F86FDE /* Assets.xcassets in Resources */,
				2C2437621BDA7AE800F86FDE /* Main.storyboard in Resources */,
			);
			runOnlyForDeploymentPostprocessing = 0;
		};
		2C24376B1BDA7AE800F86FDE /* Resources */ = {
			isa = PBXResourcesBuildPhase;
			buildActionMask = 2147483647;
			files = (
			);
			runOnlyForDeploymentPostprocessing = 0;
		};
		2C2437761BDA7AE800F86FDE /* Resources */ = {
			isa = PBXResourcesBuildPhase;
			buildActionMask = 2147483647;
			files = (
			);
			runOnlyForDeploymentPostprocessing = 0;
		};
/* End PBXResourcesBuildPhase section */

/* Begin PBXSourcesBuildPhase section */
		2C2437551BDA7AE800F86FDE /* Sources */ = {
			isa = PBXSourcesBuildPhase;
			buildActionMask = 2147483647;
			files = (
				2C24375F1BDA7AE800F86FDE /* ViewController.swift in Sources */,
				2C24375D1BDA7AE800F86FDE /* AppDelegate.swift in Sources */,
			);
			runOnlyForDeploymentPostprocessing = 0;
		};
		2C2437691BDA7AE800F86FDE /* Sources */ = {
			isa = PBXSourcesBuildPhase;
			buildActionMask = 2147483647;
			files = (
				2C2437721BDA7AE800F86FDE /* pocketmonTests.swift in Sources */,
			);
			runOnlyForDeploymentPostprocessing = 0;
		};
		2C2437741BDA7AE800F86FDE /* Sources */ = {
			isa = PBXSourcesBuildPhase;
			buildActionMask = 2147483647;
			files = (
				2C24377D1BDA7AE800F86FDE /* pocketmonUITests.swift in Sources */,
			);
			runOnlyForDeploymentPostprocessing = 0;
		};
/* End PBXSourcesBuildPhase section */

/* Begin PBXTargetDependency section */
		2C24376F1BDA7AE800F86FDE /* PBXTargetDependency */ = {
			isa = PBXTargetDependency;
			target = 2C2437581BDA7AE800F86FDE /* pocketmon */;
			targetProxy = 2C24376E1BDA7AE800F86FDE /* PBXContainerItemProxy */;
		};
		2C24377A1BDA7AE800F86FDE /* PBXTargetDependency */ = {
			isa = PBXTargetDependency;
			target = 2C2437581BDA7AE800F86FDE /* pocketmon */;
			targetProxy = 2C2437791BDA7AE800F86FDE /* PBXContainerItemProxy */;
		};
/* End PBXTargetDependency section */

/* Begin PBXVariantGroup section */
		2C2437601BDA7AE800F86FDE /* Main.storyboard */ = {
			isa = PBXVariantGroup;
			children = (
				2C2437611BDA7AE800F86FDE /* Base */,
			);
			name = Main.storyboard;
			sourceTree = "<group>";
		};
		2C2437651BDA7AE800F86FDE /* LaunchScreen.storyboard */ = {
			isa = PBXVariantGroup;
			children = (
				2C2437661BDA7AE800F86FDE /* Base */,
			);
			name = LaunchScreen.storyboard;
			sourceTree = "<group>";
		};
/* End PBXVariantGroup section */

/* Begin XCBuildConfiguration section */
		2C24377F1BDA7AE800F86FDE /* Debug */ = {
			isa = XCBuildConfiguration;
			buildSettings = {
				ALWAYS_SEARCH_USER_PATHS = NO;
				CLANG_CXX_LANGUAGE_STANDARD = "gnu++0x";
				CLANG_CXX_LIBRARY = "libc++";
				CLANG_ENABLE_MODULES = YES;
				CLANG_ENABLE_OBJC_ARC = YES;
				CLANG_WARN_BOOL_CONVERSION = YES;
				CLANG_WARN_CONSTANT_CONVERSION = YES;
				CLANG_WARN_DIRECT_OBJC_ISA_USAGE = YES_ERROR;
				CLANG_WARN_EMPTY_BODY = YES;
				CLANG_WARN_ENUM_CONVERSION = YES;
				CLANG_WARN_INT_CONVERSION = YES;
				CLANG_WARN_OBJC_ROOT_CLASS = YES_ERROR;
				CLANG_WARN_UNREACHABLE_CODE = YES;
				CLANG_WARN__DUPLICATE_METHOD_MATCH = YES;
				"CODE_SIGN_IDENTITY[sdk=iphoneos*]" = "iPhone Developer";
				COPY_PHASE_STRIP = NO;
				DEBUG_INFORMATION_FORMAT = dwarf;
				ENABLE_STRICT_OBJC_MSGSEND = YES;
				ENABLE_TESTABILITY = YES;
				GCC_C_LANGUAGE_STANDARD = gnu99;
				GCC_DYNAMIC_NO_PIC = NO;
				GCC_NO_COMMON_BLOCKS = YES;
				GCC_OPTIMIZATION_LEVEL = 0;
				GCC_PREPROCESSOR_DEFINITIONS = (
					"DEBUG=1",
					"$(inherited)",
				);
				GCC_WARN_64_TO_32_BIT_CONVERSION = YES;
				GCC_WARN_ABOUT_RETURN_TYPE = YES_ERROR;
				GCC_WARN_UNDECLARED_SELECTOR = YES;
				GCC_WARN_UNINITIALIZED_AUTOS = YES_AGGRESSIVE;
				GCC_WARN_UNUSED_FUNCTION = YES;
				GCC_WARN_UNUSED_VARIABLE = YES;
				IPHONEOS_DEPLOYMENT_TARGET = 9.0;
				MTL_ENABLE_DEBUG_INFO = YES;
				ONLY_ACTIVE_ARCH = YES;
				SDKROOT = iphoneos;
				SWIFT_OPTIMIZATION_LEVEL = "-Onone";
				TARGETED_DEVICE_FAMILY = "1,2";
			};
			name = Debug;
		};
		2C2437801BDA7AE800F86FDE /* Release */ = {
			isa = XCBuildConfiguration;
			buildSettings = {
				ALWAYS_SEARCH_USER_PATHS = NO;
				CLANG_CXX_LANGUAGE_STANDARD = "gnu++0x";
				CLANG_CXX_LIBRARY = "libc++";
				CLANG_ENABLE_MODULES = YES;
				CLANG_ENABLE_OBJC_ARC = YES;
				CLANG_WARN_BOOL_CONVERSION = YES;
				CLANG_WARN_CONSTANT_CONVERSION = YES;
				CLANG_WARN_DIRECT_OBJC_ISA_USAGE = YES_ERROR;
				CLANG_WARN_EMPTY_BODY = YES;
				CLANG_WARN_ENUM_CONVERSION = YES;
				CLANG_WARN_INT_CONVERSION = YES;
				CLANG_WARN_OBJC_ROOT_CLASS = YES_ERROR;
				CLANG_WARN_UNREACHABLE_CODE = YES;
				CLANG_WARN__DUPLICATE_METHOD_MATCH = YES;
				"CODE_SIGN_IDENTITY[sdk=iphoneos*]" = "iPhone Developer";
				COPY_PHASE_STRIP = NO;
				DEBUG_INFORMATION_FORMAT = "dwarf-with-dsym";
				ENABLE_NS_ASSERTIONS = NO;
				ENABLE_STRICT_OBJC_MSGSEND = YES;
				GCC_C_LANGUAGE_STANDARD = gnu99;
				GCC_NO_COMMON_BLOCKS = YES;
				GCC_WARN_64_TO_32_BIT_CONVERSION = YES;
				GCC_WARN_ABOUT_RETURN_TYPE = YES_ERROR;
				GCC_WARN_UNDECLARED_SELECTOR = YES;
				GCC_WARN_UNINITIALIZED_AUTOS = YES_AGGRESSIVE;
				GCC_WARN_UNUSED_FUNCTION = YES;
				GCC_WARN_UNUSED_VARIABLE = YES;
				IPHONEOS_DEPLOYMENT_TARGET = 9.0;
				MTL_ENABLE_DEBUG_INFO = NO;
				SDKROOT = iphoneos;
				TARGETED_DEVICE_FAMILY = "1,2";
				VALIDATE_PRODUCT = YES;
			};
			name = Release;
		};
		2C2437821BDA7AE800F86FDE /* Debug */ = {
			isa = XCBuildConfiguration;
			buildSettings = {
				ASSETCATALOG_COMPILER_APPICON_NAME = AppIcon;
				INFOPLIST_FILE = pocketmon/Info.plist;
				LD_RUNPATH_SEARCH_PATHS = "$(inherited) @executable_path/Frameworks";
				PRODUCT_BUNDLE_IDENTIFIER = com.12thtone.pocketmon;
				PRODUCT_NAME = "$(TARGET_NAME)";
			};
			name = Debug;
		};
		2C2437831BDA7AE800F86FDE /* Release */ = {
			isa = XCBuildConfiguration;
			buildSettings = {
				ASSETCATALOG_COMPILER_APPICON_NAME = AppIcon;
				INFOPLIST_FILE = pocketmon/Info.plist;
				LD_RUNPATH_SEARCH_PATHS = "$(inherited) @executable_path/Frameworks";
				PRODUCT_BUNDLE_IDENTIFIER = com.12thtone.pocketmon;
				PRODUCT_NAME = "$(TARGET_NAME)";
			};
			name = Release;
		};
		2C2437851BDA7AE800F86FDE /* Debug */ = {
			isa = XCBuildConfiguration;
			buildSettings = {
				BUNDLE_LOADER = "$(TEST_HOST)";
				INFOPLIST_FILE = pocketmonTests/Info.plist;
				LD_RUNPATH_SEARCH_PATHS = "$(inherited) @executable_path/Frameworks @loader_path/Frameworks";
				PRODUCT_BUNDLE_IDENTIFIER = com.12thtone.pocketmonTests;
				PRODUCT_NAME = "$(TARGET_NAME)";
				TEST_HOST = "$(BUILT_PRODUCTS_DIR)/pocketmon.app/pocketmon";
			};
			name = Debug;
		};
		2C2437861BDA7AE800F86FDE /* Release */ = {
			isa = XCBuildConfiguration;
			buildSettings = {
				BUNDLE_LOADER = "$(TEST_HOST)";
				INFOPLIST_FILE = pocketmonTests/Info.plist;
				LD_RUNPATH_SEARCH_PATHS = "$(inherited) @executable_path/Frameworks @loader_path/Frameworks";
				PRODUCT_BUNDLE_IDENTIFIER = com.12thtone.pocketmonTests;
				PRODUCT_NAME = "$(TARGET_NAME)";
				TEST_HOST = "$(BUILT_PRODUCTS_DIR)/pocketmon.app/pocketmon";
			};
			name = Release;
		};
		2C2437881BDA7AE800F86FDE /* Debug */ = {
			isa = XCBuildConfiguration;
			buildSettings = {
				INFOPLIST_FILE = pocketmonUITests/Info.plist;
				LD_RUNPATH_SEARCH_PATHS = "$(inherited) @executable_path/Frameworks @loader_path/Frameworks";
				PRODUCT_BUNDLE_IDENTIFIER = com.12thtone.pocketmonUITests;
				PRODUCT_NAME = "$(TARGET_NAME)";
				TEST_TARGET_NAME = pocketmon;
				USES_XCTRUNNER = YES;
			};
			name = Debug;
		};
		2C2437891BDA7AE800F86FDE /* Release */ = {
			isa = XCBuildConfiguration;
			buildSettings = {
				INFOPLIST_FILE = pocketmonUITests/Info.plist;
				LD_RUNPATH_SEARCH_PATHS = "$(inherited) @executable_path/Frameworks @loader_path/Frameworks";
				PRODUCT_BUNDLE_IDENTIFIER = com.12thtone.pocketmonUITests;
				PRODUCT_NAME = "$(TARGET_NAME)";
				TEST_TARGET_NAME = pocketmon;
				USES_XCTRUNNER = YES;
			};
			name = Release;
		};
/* End XCBuildConfiguration section */

/* Begin XCConfigurationList section */
		2C2437541BDA7AE800F86FDE /* Build configuration list for PBXProject "pocketmon" */ = {
			isa = XCConfigurationList;
			buildConfigurations = (
				2C24377F1BDA7AE800F86FDE /* Debug */,
				2C2437801BDA7AE800F86FDE /* Release */,
			);
			defaultConfigurationIsVisible = 0;
			defaultConfigurationName = Release;
		};
		2C2437811BDA7AE800F86FDE /* Build configuration list for PBXNativeTarget "pocketmon" */ = {
			isa = XCConfigurationList;
			buildConfigurations = (
				2C2437821BDA7AE800F86FDE /* Debug */,
				2C2437831BDA7AE800F86FDE /* Release */,
			);
			defaultConfigurationIsVisible = 0;
		};
		2C2437841BDA7AE800F86FDE /* Build configuration list for PBXNativeTarget "pocketmonTests" */ = {
			isa = XCConfigurationList;
			buildConfigurations = (
				2C2437851BDA7AE800F86FDE /* Debug */,
				2C2437861BDA7AE800F86FDE /* Release */,
			);
			defaultConfigurationIsVisible = 0;
		};
		2C2437871BDA7AE800F86FDE /* Build configuration list for PBXNativeTarget "pocketmonUITests" */ = {
			isa = XCConfigurationList;
			buildConfigurations = (
				2C2437881BDA7AE800F86FDE /* Debug */,
				2C2437891BDA7AE800F86FDE /* Release */,
			);
			defaultConfigurationIsVisible = 0;
		};
/* End XCConfigurationList section */
	};
	rootObject = 2C2437511BDA7AE800F86FDE /* Project object */;
}
